# This file is automatically @generated by Cargo.
# It is not intended for manual editing.
version = 4

[[package]]
name = "bv"
version = "0.21.0"

[[package]]
name = "bv-analysis"
version = "0.21.0"

[[package]]
name = "bv-core"
version = "0.21.0"

[[package]]
name = "bv-correlation"
version = "0.21.0"

[[package]]
name = "bv-export"
version = "0.21.0"

[[package]]
name = "bv-robot"
version = "0.21.0"

[[package]]
name = "bv-search"
version = "0.21.0"

[[package]]
name = "bv-tui"
version = "0.21.0"
